// !$*UTF8*$!
{
	archiveVersion = 1;
	classes = {
	};
	objectVersion = 46;
	objects = {

/* Begin PBXBuildFile section */
		7C25387D1C30CCCB00C69A89 /* main.m in Sources */ = {isa = PBXBuildFile; fileRef = 7C25387C1C30CCCB00C69A89 /* main.m */; };
		7C2538801C30CCCB00C69A89 /* AppDelegate.m in Sources */ = {isa = PBXBuildFile; fileRef = 7C25387F1C30CCCB00C69A89 /* AppDelegate.m */; };
		7C2538831C30CCCB00C69A89 /* ViewController.m in Sources */ = {isa = PBXBuildFile; fileRef = 7C2538821C30CCCB00C69A89 /* ViewController.m */; };
		7C2538881C30CCCB00C69A89 /* Assets.xcassets in Resources */ = {isa = PBXBuildFile; fileRef = 7C2538871C30CCCB00C69A89 /* Assets.xcassets */; };
		7C25388B1C30CCCB00C69A89 /* LaunchScreen.storyboard in Resources */ = {isa = PBXBuildFile; fileRef = 7C2538891C30CCCB00C69A89 /* LaunchScreen.storyboard */; };
		7C2538941C30CEC300C69A89 /* Behavior.m in Sources */ = {isa = PBXBuildFile; fileRef = 7C2538931C30CEC300C69A89 /* Behavior.m */; };
		7C25389A1C310B0600C69A89 /* Behavior2.m in Sources */ = {isa = PBXBuildFile; fileRef = 7C2538991C310B0600C69A89 /* Behavior2.m */; };
		7C25389D1C325E5A00C69A89 /* MuiltipleProxyManager.m in Sources */ = {isa = PBXBuildFile; fileRef = 7C25389C1C325E5A00C69A89 /* MuiltipleProxyManager.m */; };
		7C8F7AF31C488B56004754ED /* ClassA.m in Sources */ = {isa = PBXBuildFile; fileRef = 7C8F7AF21C488B56004754ED /* ClassA.m */; };
/* End PBXBuildFile section */

/* Begin PBXFileReference section */
		7C2538781C30CCCB00C69A89 /* MultipleDelegate.app */ = {isa = PBXFileReference; explicitFileType = wrapper.application; includeInIndex = 0; path = MultipleDelegate.app; sourceTree = BUILT_PRODUCTS_DIR; };
		7C25387C1C30CCCB00C69A89 /* main.m */ = {isa = PBXFileReference; lastKnownFileType = sourcecode.c.objc; path = main.m; sourceTree = "<group>"; };
		7C25387E1C30CCCB00C69A89 /* AppDelegate.h */ = {isa = PBXFileReference; lastKnownFileType = sourcecode.c.h; path = AppDelegate.h; sourceTree = "<group>"; };
		7C25387F1C30CCCB00C69A89 /* AppDelegate.m */ = {isa = PBXFileReference; lastKnownFileType = sourcecode.c.objc; path = AppDelegate.m; sourceTree = "<group>"; };
		7C2538811C30CCCB00C69A89 /* ViewController.h */ = {isa = PBXFileReference; lastKnownFileType = sourcecode.c.h; path = ViewController.h; sourceTree = "<group>"; };
		7C2538821C30CCCB00C69A89 /* ViewController.m */ = {isa = PBXFileReference; lastKnownFileType = sourcecode.c.objc; path = ViewController.m; sourceTree = "<group>"; };
		7C2538871C30CCCB00C69A89 /* Assets.xcassets */ = {isa = PBXFileReference; lastKnownFileType = folder.assetcatalog; path = Assets.xcassets; sourceTree = "<group>"; };
		7C25388A1C30CCCB00C69A89 /* Base */ = {isa = PBXFileReference; lastKnownFileType = file.storyboard; name = Base; path = Base.lproj/LaunchScreen.storyboard; sourceTree = "<group>"; };
		7C25388C1C30CCCB00C69A89 /* Info.plist */ = {isa = PBXFileReference; lastKnownFileType = text.plist.xml; path = Info.plist; sourceTree = "<group>"; };
		7C2538921C30CEC300C69A89 /* Behavior.h */ = {isa = PBXFileReference; fileEncoding = 4; lastKnownFileType = sourcecode.c.h; path = Behavior.h; sourceTree = "<group>"; };
		7C2538931C30CEC300C69A89 /* Behavior.m */ = {isa = PBXFileReference; fileEncoding = 4; lastKnownFileType = sourcecode.c.objc; path = Behavior.m; sourceTree = "<group>"; };
		7C2538981C310B0600C69A89 /* Behavior2.h */ = {isa = PBXFileReference; fileEncoding = 4; lastKnownFileType = sourcecode.c.h; path = Behavior2.h; sourceTree = "<group>"; };
		7C2538991C310B0600C69A89 /* Behavior2.m */ = {isa = PBXFileReference; fileEncoding = 4; lastKnownFileType = sourcecode.c.objc; path = Behavior2.m; sourceTree = "<group>"; };
		7C25389B1C325E5A00C69A89 /* MuiltipleProxyManager.h */ = {isa = PBXFileReference; fileEncoding = 4; lastKnownFileType = sourcecode.c.h; path = MuiltipleProxyManager.h; sourceTree = "<group>"; };
		7C25389C1C325E5A00C69A89 /* MuiltipleProxyManager.m */ = {isa = PBXFileReference; fileEncoding = 4; lastKnownFileType = sourcecode.c.objc; path = MuiltipleProxyManager.m; sourceTree = "<group>"; };
		7C25389E1C32A4A600C69A89 /* Singleton.h */ = {isa = PBXFileReference; fileEncoding = 4; lastKnownFileType = sourcecode.c.h; path = Singleton.h; sourceTree = "<group>"; };
		7C8F7AF11C488B56004754ED /* ClassA.h */ = {isa = PBXFileReference; fileEncoding = 4; lastKnownFileType = sourcecode.c.h; path = ClassA.h; sourceTree = "<group>"; };
		7C8F7AF21C488B56004754ED /* ClassA.m */ = {isa = PBXFileReference; fileEncoding = 4; lastKnownFileType = sourcecode.c.objc; path = ClassA.m; sourceTree = "<group>"; };
/* End PBXFileReference section */

/* Begin PBXFrameworksBuildPhase section */
		7C2538751C30CCCB00C69A89 /* Frameworks */ = {
			isa = PBXFrameworksBuildPhase;
			buildActionMask = 2147483647;
			files = (
			);
			runOnlyForDeploymentPostprocessing = 0;
		};
/* End PBXFrameworksBuildPhase section */

/* Begin PBXGroup section */
		7C25386F1C30CCCB00C69A89 = {
			isa = PBXGroup;
			children = (
				7C25387A1C30CCCB00C69A89 /* MultipleDelegate */,
				7C2538791C30CCCB00C69A89 /* Products */,
			);
			sourceTree = "<group>";
		};
		7C2538791C30CCCB00C69A89 /* Products */ = {
			isa = PBXGroup;
			children = (
				7C2538781C30CCCB00C69A89 /* MultipleDelegate.app */,
			);
			name = Products;
			sourceTree = "<group>";
		};
		7C25387A1C30CCCB00C69A89 /* MultipleDelegate */ = {
			isa = PBXGroup;
			children = (
				7C25389E1C32A4A600C69A89 /* Singleton.h */,
				7C25389B1C325E5A00C69A89 /* MuiltipleProxyManager.h */,
				7C25389C1C325E5A00C69A89 /* MuiltipleProxyManager.m */,
				7C25387E1C30CCCB00C69A89 /* AppDelegate.h */,
				7C25387F1C30CCCB00C69A89 /* AppDelegate.m */,
				7C2538811C30CCCB00C69A89 /* ViewController.h */,
				7C2538821C30CCCB00C69A89 /* ViewController.m */,
				7C8F7AF11C488B56004754ED /* ClassA.h */,
				7C8F7AF21C488B56004754ED /* ClassA.m */,
				7C2538921C30CEC300C69A89 /* Behavior.h */,
				7C2538931C30CEC300C69A89 /* Behavior.m */,
				7C2538981C310B0600C69A89 /* Behavior2.h */,
				7C2538991C310B0600C69A89 /* Behavior2.m */,
				7C2538871C30CCCB00C69A89 /* Assets.xcassets */,
				7C2538891C30CCCB00C69A89 /* LaunchScreen.storyboard */,
				7C25388C1C30CCCB00C69A89 /* Info.plist */,
				7C25387B1C30CCCB00C69A89 /* Supporting Files */,
			);
			path = MultipleDelegate;
			sourceTree = "<group>";
		};
		7C25387B1C30CCCB00C69A89 /* Supporting Files */ = {
			isa = PBXGroup;
			children = (
				7C25387C1C30CCCB00C69A89 /* main.m */,
			);
			name = "Supporting Files";
			sourceTree = "<group>";
		};
/* End PBXGroup section */

/* Begin PBXNativeTarget section */
		7C2538771C30CCCB00C69A89 /* MultipleDelegate */ = {
			isa = PBXNativeTarget;
			buildConfigurationList = 7C25388F1C30CCCB00C69A89 /* Build configuration list for PBXNativeTarget "MultipleDelegate" */;
			buildPhases = (
				7C2538741C30CCCB00C69A89 /* Sources */,
				7C2538751C30CCCB00C69A89 /* Frameworks */,
				7C2538761C30CCCB00C69A89 /* Resources */,
			);
			buildRules = (
			);
			dependencies = (
			);
			name = MultipleDelegate;
			productName = MultipleDelegate;
			productReference = 7C2538781C30CCCB00C69A89 /* MultipleDelegate.app */;
			productType = "com.apple.product-type.application";
		};
/* End PBXNativeTarget section */

/* Begin PBXProject section */
		7C2538701C30CCCB00C69A89 /* Project object */ = {
			isa = PBXProject;
			attributes = {
				LastUpgradeCheck = 0720;
				ORGANIZATIONNAME = chengbin;
				TargetAttributes = {
					7C2538771C30CCCB00C69A89 = {
						CreatedOnToolsVersion = 7.2;
					};
				};
			};
			buildConfigurationList = 7C2538731C30CCCB00C69A89 /* Build configuration list for PBXProject "MultipleDelegate" */;
			compatibilityVersion = "Xcode 3.2";
			developmentRegion = English;
			hasScannedForEncodings = 0;
			knownRegions = (
				en,
				Base,
			);
			mainGroup = 7C25386F1C30CCCB00C69A89;
			productRefGroup = 7C2538791C30CCCB00C69A89 /* Products */;
			projectDirPath = "";
			projectRoot = "";
			targets = (
				7C2538771C30CCCB00C69A89 /* MultipleDelegate */,
			);
		};
/* End PBXProject section */

/* Begin PBXResourcesBuildPhase section */
		7C2538761C30CCCB00C69A89 /* Resources */ = {
			isa = PBXResourcesBuildPhase;
			buildActionMask = 2147483647;
			files = (
				7C25388B1C30CCCB00C69A89 /* LaunchScreen.storyboard in Resources */,
				7C2538881C30CCCB00C69A89 /* Assets.xcassets in Resources */,
			);
			runOnlyForDeploymentPostprocessing = 0;
		};
/* End PBXResourcesBuildPhase section */

/* Begin PBXSourcesBuildPhase section */
		7C2538741C30CCCB00C69A89 /* Sources */ = {
			isa = PBXSourcesBuildPhase;
			buildActionMask = 2147483647;
			files = (
				7C2538831C30CCCB00C69A89 /* ViewController.m in Sources */,
				7C2538941C30CEC300C69A89 /* Behavior.m in Sources */,
				7C25389D1C325E5A00C69A89 /* MuiltipleProxyManager.m in Sources */,
				7C2538801C30CCCB00C69A89 /* AppDelegate.m in Sources */,
				7C25389A1C310B0600C69A89 /* Behavior2.m in Sources */,
				7C8F7AF31C488B56004754ED /* ClassA.m in Sources */,
				7C25387D1C30CCCB00C69A89 /* main.m in Sources */,
			);
			runOnlyForDeploymentPostprocessing = 0;
		};
/* End PBXSourcesBuildPhase section */

/* Begin PBXVariantGroup section */
		7C2538891C30CCCB00C69A89 /* LaunchScreen.storyboard */ = {
			isa = PBXVariantGroup;
			children = (
				7C25388A1C30CCCB00C69A89 /* Base */,
			);
			name = LaunchScreen.storyboard;
			sourceTree = "<group>";
		};
/* End PBXVariantGroup section */

/* Begin XCBuildConfiguration section */
		7C25388D1C30CCCB00C69A89 /* Debug */ = {
			isa = XCBuildConfiguration;
			buildSettings = {
				ALWAYS_SEARCH_USER_PATHS = NO;
				CLANG_CXX_LANGUAGE_STANDARD = "gnu++0x";
				CLANG_CXX_LIBRARY = "libc++";
				CLANG_ENABLE_MODULES = YES;
				CLANG_ENABLE_OBJC_ARC = YES;
				CLANG_WARN_BOOL_CONVERSION = YES;
				CLANG_WARN_CONSTANT_CONVERSION = YES;
				CLANG_WARN_DIRECT_OBJC_ISA_USAGE = YES_ERROR;
				CLANG_WARN_EMPTY_BODY = YES;
				CLANG_WARN_ENUM_CONVERSION = YES;
				CLANG_WARN_INT_CONVERSION = YES;
				CLANG_WARN_OBJC_ROOT_CLASS = YES_ERROR;
				CLANG_WARN_UNREACHABLE_CODE = YES;
				CLANG_WARN__DUPLICATE_METHOD_MATCH = YES;
				"CODE_SIGN_IDENTITY[sdk=iphoneos*]" = "iPhone Developer";
				COPY_PHASE_STRIP = NO;
				DEBUG_INFORMATION_FORMAT = dwarf;
				ENABLE_STRICT_OBJC_MSGSEND = YES;
				ENABLE_TESTABILITY = YES;
				GCC_C_LANGUAGE_STANDARD = gnu99;
				GCC_DYNAMIC_NO_PIC = NO;
				GCC_NO_COMMON_BLOCKS = YES;
				GCC_OPTIMIZATION_LEVEL = 0;
				GCC_PREPROCESSOR_DEFINITIONS = (
					"DEBUG=1",
					"$(inherited)",
				);
				GCC_WARN_64_TO_32_BIT_CONVERSION = YES;
				GCC_WARN_ABOUT_RETURN_TYPE = YES_ERROR;
				GCC_WARN_UNDECLARED_SELECTOR = YES;
				GCC_WARN_UNINITIALIZED_AUTOS = YES_AGGRESSIVE;
				GCC_WARN_UNUSED_FUNCTION = YES;
				GCC_WARN_UNUSED_VARIABLE = YES;
				IPHONEOS_DEPLOYMENT_TARGET = 9.2;
				MTL_ENABLE_DEBUG_INFO = YES;
				ONLY_ACTIVE_ARCH = YES;
				SDKROOT = iphoneos;
				TARGETED_DEVICE_FAMILY = "1,2";
			};
			name = Debug;
		};
		7C25388E1C30CCCB00C69A89 /* Release */ = {
			isa = XCBuildConfiguration;
			buildSettings = {
				ALWAYS_SEARCH_USER_PATHS = NO;
				CLANG_CXX_LANGUAGE_STANDARD = "gnu++0x";
				CLANG_CXX_LIBRARY = "libc++";
				CLANG_ENABLE_MODULES = YES;
				CLANG_ENABLE_OBJC_ARC = YES;
				CLANG_WARN_BOOL_CONVERSION = YES;
				CLANG_WARN_CONSTANT_CONVERSION = YES;
				CLANG_WARN_DIRECT_OBJC_ISA_USAGE = YES_ERROR;
				CLANG_WARN_EMPTY_BODY = YES;
				CLANG_WARN_ENUM_CONVERSION = YES;
				CLANG_WARN_INT_CONVERSION = YES;
				CLANG_WARN_OBJC_ROOT_CLASS = YES_ERROR;
				CLANG_WARN_UNREACHABLE_CODE = YES;
				CLANG_WARN__DUPLICATE_METHOD_MATCH = YES;
				"CODE_SIGN_IDENTITY[sdk=iphoneos*]" = "iPhone Developer";
				COPY_PHASE_STRIP = NO;
				DEBUG_INFORMATION_FORMAT = "dwarf-with-dsym";
				ENABLE_NS_ASSERTIONS = NO;
				ENABLE_STRICT_OBJC_MSGSEND = YES;
				GCC_C_LANGUAGE_STANDARD = gnu99;
				GCC_NO_COMMON_BLOCKS = YES;
				GCC_WARN_64_TO_32_BIT_CONVERSION = YES;
				GCC_WARN_ABOUT_RETURN_TYPE = YES_ERROR;
				GCC_WARN_UNDECLARED_SELECTOR = YES;
				GCC_WARN_UNINITIALIZED_AUTOS = YES_AGGRESSIVE;
				GCC_WARN_UNUSED_FUNCTION = YES;
				GCC_WARN_UNUSED_VARIABLE = YES;
				IPHONEOS_DEPLOYMENT_TARGET = 9.2;
				MTL_ENABLE_DEBUG_INFO = NO;
				SDKROOT = iphoneos;
				TARGETED_DEVICE_FAMILY = "1,2";
				VALIDATE_PRODUCT = YES;
			};
			name = Release;
		};
		7C2538901C30CCCB00C69A89 /* Debug */ = {
			isa = XCBuildConfiguration;
			buildSettings = {
				INFOPLIST_FILE = MultipleDelegate/Info.plist;
				IPHONEOS_DEPLOYMENT_TARGET = 7.0;
				LD_RUNPATH_SEARCH_PATHS = "$(inherited) @executable_path/Frameworks";
				PRODUCT_BUNDLE_IDENTIFIER = com.globalroam.www.MultipleDelegate;
				PRODUCT_NAME = "$(TARGET_NAME)";
			};
			name = Debug;
		};
		7C2538911C30CCCB00C69A89 /* Release */ = {
			isa = XCBuildConfiguration;
			buildSettings = {
				INFOPLIST_FILE = MultipleDelegate/Info.plist;
				IPHONEOS_DEPLOYMENT_TARGET = 7.0;
				LD_RUNPATH_SEARCH_PATHS = "$(inherited) @executable_path/Frameworks";
				PRODUCT_BUNDLE_IDENTIFIER = com.globalroam.www.MultipleDelegate;
				PRODUCT_NAME = "$(TARGET_NAME)";
			};
			name = Release;
		};
/* End XCBuildConfiguration section */

/* Begin XCConfigurationList section */
		7C2538731C30CCCB00C69A89 /* Build configuration list for PBXProject "MultipleDelegate" */ = {
			isa = XCConfigurationList;
			buildConfigurations = (
				7C25388D1C30CCCB00C69A89 /* Debug */,
				7C25388E1C30CCCB00C69A89 /* Release */,
			);
			defaultConfigurationIsVisible = 0;
			defaultConfigurationName = Release;
		};
		7C25388F1C30CCCB00C69A89 /* Build configuration list for PBXNativeTarget "MultipleDelegate" */ = {
			isa = XCConfigurationList;
			buildConfigurations = (
				7C2538901C30CCCB00C69A89 /* Debug */,
				7C2538911C30CCCB00C69A89 /* Release */,
			);
			defaultConfigurationIsVisible = 0;
			defaultConfigurationName = Release;
		};
/* End XCConfigurationList section */
	};
	rootObject = 7C2538701C30CCCB00C69A89 /* Project object */;
}
